// !$*UTF8*$!
{
	archiveVersion = 1;
	classes = {
	};
	objectVersion = 46;
	objects = {

/* Begin PBXBuildFile section */
		0091D8F90E81B9330029341E /* OpenGL.framework in Frameworks */ = {isa = PBXBuildFile; fileRef = 0091D8F80E81B9330029341E /* OpenGL.framework */; };
		0097E3E50F3E9819005A4392 /* QuickTime.framework in Frameworks */ = {isa = PBXBuildFile; fileRef = 0097E3E40F3E9819005A4392 /* QuickTime.framework */; };
		00B784B30FF439BC000DE1D7 /* Accelerate.framework in Frameworks */ = {isa = PBXBuildFile; fileRef = 00B784AF0FF439BC000DE1D7 /* Accelerate.framework */; };
		00B784B40FF439BC000DE1D7 /* AudioToolbox.framework in Frameworks */ = {isa = PBXBuildFile; fileRef = 00B784B00FF439BC000DE1D7 /* AudioToolbox.framework */; };
		00B784B50FF439BC000DE1D7 /* AudioUnit.framework in Frameworks */ = {isa = PBXBuildFile; fileRef = 00B784B10FF439BC000DE1D7 /* AudioUnit.framework */; };
		00B784B60FF439BC000DE1D7 /* CoreAudio.framework in Frameworks */ = {isa = PBXBuildFile; fileRef = 00B784B20FF439BC000DE1D7 /* CoreAudio.framework */; };
		00CCAF15116A9FEE008396D5 /* CinderApp.icns in Resources */ = {isa = PBXBuildFile; fileRef = 00CCAF14116A9FEE008396D5 /* CinderApp.icns */; };
		5323E6B20EAFCA74003A9687 /* CoreVideo.framework in Frameworks */ = {isa = PBXBuildFile; fileRef = 5323E6B10EAFCA74003A9687 /* CoreVideo.framework */; };
		5323E6B60EAFCA7E003A9687 /* QTKit.framework in Frameworks */ = {isa = PBXBuildFile; fileRef = 5323E6B50EAFCA7E003A9687 /* QTKit.framework */; };
		53E3CDFC0E86099300238D2B /* Carbon.framework in Frameworks */ = {isa = PBXBuildFile; fileRef = 53E3CDFB0E86099300238D2B /* Carbon.framework */; };
		8D11072F0486CEB800E47090 /* Cocoa.framework in Frameworks */ = {isa = PBXBuildFile; fileRef = 1058C7A1FEA54F0111CA2CBB /* Cocoa.framework */; };
		D60CB06913E8361A00AAF10C /* EPController.cpp in Sources */ = {isa = PBXBuildFile; fileRef = D60CB06813E8361A00AAF10C /* EPController.cpp */; };
		D6108AD413D0481000680AD5 /* Recorder.cpp in Sources */ = {isa = PBXBuildFile; fileRef = D6108AD313D0481000680AD5 /* Recorder.cpp */; };
		D628908E13B4D16000653F04 /* SimulationFactory.cpp in Sources */ = {isa = PBXBuildFile; fileRef = D628908D13B4D16000653F04 /* SimulationFactory.cpp */; };
		D62AB6F013D73336003020F7 /* MuscleMonoWrap.cpp in Sources */ = {isa = PBXBuildFile; fileRef = D62AB6EF13D73336003020F7 /* MuscleMonoWrap.cpp */; };
		D62AB6F413D7336A003020F7 /* MuscleBiWrap.cpp in Sources */ = {isa = PBXBuildFile; fileRef = D62AB6F313D7336A003020F7 /* MuscleBiWrap.cpp */; };
		D62DE3B014ED20F800DEEECE /* EvoArmCoConDecoder.cpp in Sources */ = {isa = PBXBuildFile; fileRef = D62DE3AF14ED20F800DEEECE /* EvoArmCoConDecoder.cpp */; };
		D6317B04143DB566008E894F /* ArmMuscledViz.cpp in Sources */ = {isa = PBXBuildFile; fileRef = D6317B03143DB566008E894F /* ArmMuscledViz.cpp */; };
		D64236E6131D7E5C0047734B /* GAViz.cpp in Sources */ = {isa = PBXBuildFile; fileRef = D64236E5131D7E5C0047734B /* GAViz.cpp */; };
		D64F20AA12ECE1720014F069 /* Arm.cpp in Sources */ = {isa = PBXBuildFile; fileRef = D64F20A012ECE1720014F069 /* Arm.cpp */; };
		D64F20AB12ECE1720014F069 /* ArmViz.cpp in Sources */ = {isa = PBXBuildFile; fileRef = D64F20A112ECE1720014F069 /* ArmViz.cpp */; };
		D64F20AC12ECE1720014F069 /* CTRNN.cpp in Sources */ = {isa = PBXBuildFile; fileRef = D64F20A212ECE1720014F069 /* CTRNN.cpp */; };
		D64F20AD12ECE1720014F069 /* CTRNNViz.cpp in Sources */ = {isa = PBXBuildFile; fileRef = D64F20A312ECE1720014F069 /* CTRNNViz.cpp */; };
		D64F20AE12ECE1720014F069 /* GA.cpp in Sources */ = {isa = PBXBuildFile; fileRef = D64F20A412ECE1720014F069 /* GA.cpp */; };
		D64F20AF12ECE1720014F069 /* GARunner.cpp in Sources */ = {isa = PBXBuildFile; fileRef = D64F20A512ECE1720014F069 /* GARunner.cpp */; };
		D64F20B112ECE1720014F069 /* Scene.cpp in Sources */ = {isa = PBXBuildFile; fileRef = D64F20A712ECE1720014F069 /* Scene.cpp */; };
		D64F20B212ECE1720014F069 /* View.cpp in Sources */ = {isa = PBXBuildFile; fileRef = D64F20A812ECE1720014F069 /* View.cpp */; };
		D64F20C412ECE4050014F069 /* Random.cpp in Sources */ = {isa = PBXBuildFile; fileRef = D64F20C312ECE4050014F069 /* Random.cpp */; };
		D64F237712EE14550014F069 /* GLUT.framework in Frameworks */ = {isa = PBXBuildFile; fileRef = D64F237612EE14550014F069 /* GLUT.framework */; };
		D64F246D12EE2AF10014F069 /* Light.cpp in Sources */ = {isa = PBXBuildFile; fileRef = D64F246C12EE2AF10014F069 /* Light.cpp */; };
		D650865F150A7CC500E8D94F /* SMCEnvironment.cpp in Sources */ = {isa = PBXBuildFile; fileRef = D650865E150A7CC500E8D94F /* SMCEnvironment.cpp */; };
		D67358DA149E6D2F008C7541 /* SMCAgent.cpp in Sources */ = {isa = PBXBuildFile; fileRef = D67358D9149E6D2F008C7541 /* SMCAgent.cpp */; };
		D67358F6149E73F7008C7541 /* SMCAgentViz.cpp in Sources */ = {isa = PBXBuildFile; fileRef = D67358F5149E73F7008C7541 /* SMCAgentViz.cpp */; };
		D673591E149E791C008C7541 /* SMCEnvironmentViz.cpp in Sources */ = {isa = PBXBuildFile; fileRef = D673591D149E791C008C7541 /* SMCEnvironmentViz.cpp */; };
		D67710BA149B77EA0031DC48 /* DistanceSensor.cpp in Sources */ = {isa = PBXBuildFile; fileRef = D67710B9149B77EA0031DC48 /* DistanceSensor.cpp */; };
		D68AC7DA13E9937F009887A9 /* pf_tempesta_seven.ttf in Resources */ = {isa = PBXBuildFile; fileRef = D68AC79113E9937F009887A9 /* pf_tempesta_seven.ttf */; };
		D68AC7FD13E9937F009887A9 /* SimpleGUI.cpp in Sources */ = {isa = PBXBuildFile; fileRef = D68AC7D913E9937F009887A9 /* SimpleGUI.cpp */; };
		D68CF04B14C6DF4300493D39 /* EvoArmCoCon.cpp in Sources */ = {isa = PBXBuildFile; fileRef = D68CF04A14C6DF4300493D39 /* EvoArmCoCon.cpp */; };
		D68CFC961428DAEF003CA32E /* Reflex.cpp in Sources */ = {isa = PBXBuildFile; fileRef = D68CFC951428DAEF003CA32E /* Reflex.cpp */; };
		D696B7B214A3685F00580D3C /* SMCAgentEvo.cpp in Sources */ = {isa = PBXBuildFile; fileRef = D696B7B114A3685F00580D3C /* SMCAgentEvo.cpp */; };
		D69FBB4B13B222C300D5F6F0 /* Simulation.cpp in Sources */ = {isa = PBXBuildFile; fileRef = D69FBB4A13B222C300D5F6F0 /* Simulation.cpp */; };
		D6B4E820151886D700C42D0D /* CTRNNFactory.cpp in Sources */ = {isa = PBXBuildFile; fileRef = D6B4E81F151886D700C42D0D /* CTRNNFactory.cpp */; };
		D6B4EADB151B27C900C42D0D /* Topology.cpp in Sources */ = {isa = PBXBuildFile; fileRef = D6B4EADA151B27C900C42D0D /* Topology.cpp */; };
		D6B7EAF413B791800019114A /* Registry.cpp in Sources */ = {isa = PBXBuildFile; fileRef = D6B7EAF313B791800019114A /* Registry.cpp */; };
		D6BA379B13BA249900CFED09 /* Muscle.cpp in Sources */ = {isa = PBXBuildFile; fileRef = D6BA379A13BA249900CFED09 /* Muscle.cpp */; };
		D6BA37D113BA2B9200CFED09 /* PD.cpp in Sources */ = {isa = PBXBuildFile; fileRef = D6BA37D013BA2B9200CFED09 /* PD.cpp */; };
		D6BA37E513BA2EC700CFED09 /* ArmPD.cpp in Sources */ = {isa = PBXBuildFile; fileRef = D6BA37E413BA2EC700CFED09 /* ArmPD.cpp */; };
		D6BA381813BA32E000CFED09 /* ArmMuscled.cpp in Sources */ = {isa = PBXBuildFile; fileRef = D6BA381713BA32E000CFED09 /* ArmMuscled.cpp */; };
		D6C3A1D21448501B00E89616 /* ArmReflex.cpp in Sources */ = {isa = PBXBuildFile; fileRef = D6C3A1D11448501B00E89616 /* ArmReflex.cpp */; };
		D6CAA9FF12FDA1CF003BE477 /* main.cpp in Sources */ = {isa = PBXBuildFile; fileRef = D6CAA9FE12FDA1CF003BE477 /* main.cpp */; };
		D6D7FB9D14DED8C9005FC21D /* Spin.cpp in Sources */ = {isa = PBXBuildFile; fileRef = D6D7FB9C14DED8C9005FC21D /* Spin.cpp */; };
		D6DEE86A13B0EF09003FE7D2 /* App.cpp in Sources */ = {isa = PBXBuildFile; fileRef = D6DEE86913B0EF09003FE7D2 /* App.cpp */; };
		D6E94EB51423652300E8D8BD /* GATester.cpp in Sources */ = {isa = PBXBuildFile; fileRef = D6E94EB41423652300E8D8BD /* GATester.cpp */; };
		D6F6B6DF13ABDD09005C2E0F /* Dynmx.cpp in Sources */ = {isa = PBXBuildFile; fileRef = D6F6B6DD13ABDD09005C2E0F /* Dynmx.cpp */; };
/* End PBXBuildFile section */

/* Begin PBXFileReference section */
		0091D8F80E81B9330029341E /* OpenGL.framework */ = {isa = PBXFileReference; lastKnownFileType = wrapper.framework; name = OpenGL.framework; path = /System/Library/Frameworks/OpenGL.framework; sourceTree = "<absolute>"; };
		0097E3E40F3E9819005A4392 /* QuickTime.framework */ = {isa = PBXFileReference; lastKnownFileType = wrapper.framework; name = QuickTime.framework; path = /System/Library/Frameworks/QuickTime.framework; sourceTree = "<absolute>"; };
		00B784AF0FF439BC000DE1D7 /* Accelerate.framework */ = {isa = PBXFileReference; lastKnownFileType = wrapper.framework; name = Accelerate.framework; path = System/Library/Frameworks/Accelerate.framework; sourceTree = SDKROOT; };
		00B784B00FF439BC000DE1D7 /* AudioToolbox.framework */ = {isa = PBXFileReference; lastKnownFileType = wrapper.framework; name = AudioToolbox.framework; path = System/Library/Frameworks/AudioToolbox.framework; sourceTree = SDKROOT; };
		00B784B10FF439BC000DE1D7 /* AudioUnit.framework */ = {isa = PBXFileReference; lastKnownFileType = wrapper.framework; name = AudioUnit.framework; path = System/Library/Frameworks/AudioUnit.framework; sourceTree = SDKROOT; };
		00B784B20FF439BC000DE1D7 /* CoreAudio.framework */ = {isa = PBXFileReference; lastKnownFileType = wrapper.framework; name = CoreAudio.framework; path = System/Library/Frameworks/CoreAudio.framework; sourceTree = SDKROOT; };
		00CCAF14116A9FEE008396D5 /* CinderApp.icns */ = {isa = PBXFileReference; lastKnownFileType = image.icns; name = CinderApp.icns; path = ../resources/CinderApp.icns; sourceTree = SOURCE_ROOT; };
		1058C7A1FEA54F0111CA2CBB /* Cocoa.framework */ = {isa = PBXFileReference; lastKnownFileType = wrapper.framework; name = Cocoa.framework; path = /System/Library/Frameworks/Cocoa.framework; sourceTree = "<absolute>"; };
		13E42FB307B3F0F600E4EEF1 /* CoreData.framework */ = {isa = PBXFileReference; lastKnownFileType = wrapper.framework; name = CoreData.framework; path = /System/Library/Frameworks/CoreData.framework; sourceTree = "<absolute>"; };
		29B97324FDCFA39411CA2CEA /* AppKit.framework */ = {isa = PBXFileReference; lastKnownFileType = wrapper.framework; name = AppKit.framework; path = /System/Library/Frameworks/AppKit.framework; sourceTree = "<absolute>"; };
		29B97325FDCFA39411CA2CEA /* Foundation.framework */ = {isa = PBXFileReference; lastKnownFileType = wrapper.framework; name = Foundation.framework; path = /System/Library/Frameworks/Foundation.framework; sourceTree = "<absolute>"; };
		32CA4F630368D1EE00C91783 /* cinder_dynmx_Prefix.pch */ = {isa = PBXFileReference; fileEncoding = 4; lastKnownFileType = sourcecode.c.h; path = cinder_dynmx_Prefix.pch; sourceTree = "<group>"; };
		5323E6B10EAFCA74003A9687 /* CoreVideo.framework */ = {isa = PBXFileReference; lastKnownFileType = wrapper.framework; name = CoreVideo.framework; path = /System/Library/Frameworks/CoreVideo.framework; sourceTree = "<absolute>"; };
		5323E6B50EAFCA7E003A9687 /* QTKit.framework */ = {isa = PBXFileReference; lastKnownFileType = wrapper.framework; name = QTKit.framework; path = /System/Library/Frameworks/QTKit.framework; sourceTree = "<absolute>"; };
		53E3CDFB0E86099300238D2B /* Carbon.framework */ = {isa = PBXFileReference; lastKnownFileType = wrapper.framework; name = Carbon.framework; path = /System/Library/Frameworks/Carbon.framework; sourceTree = "<absolute>"; };
		8D1107310486CEB800E47090 /* Info.plist */ = {isa = PBXFileReference; fileEncoding = 4; lastKnownFileType = text.plist.xml; path = Info.plist; sourceTree = "<group>"; };
		8D1107320486CEB800E47090 /* cinder_dynmx.app */ = {isa = PBXFileReference; explicitFileType = wrapper.application; includeInIndex = 0; path = cinder_dynmx.app; sourceTree = BUILT_PRODUCTS_DIR; };
		D602B8A91448C92400620B97 /* TestModelArmReflex.h */ = {isa = PBXFileReference; fileEncoding = 4; lastKnownFileType = sourcecode.c.h; name = TestModelArmReflex.h; path = ../include/dynmx/Tests/TestModelArmReflex.h; sourceTree = SOURCE_ROOT; };
		D607B1F714F7958F00D9D4C1 /* Log.h */ = {isa = PBXFileReference; fileEncoding = 4; lastKnownFileType = sourcecode.c.h; name = Log.h; path = ../include/dynmx/Log.h; sourceTree = SOURCE_ROOT; };
		D60CB06813E8361A00AAF10C /* EPController.cpp */ = {isa = PBXFileReference; fileEncoding = 4; lastKnownFileType = sourcecode.cpp.cpp; path = EPController.cpp; sourceTree = "<group>"; };
		D60CB06A13E8362F00AAF10C /* EPController.h */ = {isa = PBXFileReference; fileEncoding = 4; lastKnownFileType = sourcecode.c.h; name = EPController.h; path = ../include/dynmx/EPController.h; sourceTree = SOURCE_ROOT; };
		D6108AD213D047F800680AD5 /* Recorder.h */ = {isa = PBXFileReference; fileEncoding = 4; lastKnownFileType = sourcecode.c.h; name = Recorder.h; path = ../include/dynmx/Recorder.h; sourceTree = SOURCE_ROOT; };
		D6108AD313D0481000680AD5 /* Recorder.cpp */ = {isa = PBXFileReference; fileEncoding = 4; lastKnownFileType = sourcecode.cpp.cpp; path = Recorder.cpp; sourceTree = "<group>"; };
		D61BAD9B143A05960007E5A1 /* EvoArmCoCon.h */ = {isa = PBXFileReference; fileEncoding = 4; lastKnownFileType = sourcecode.c.h; name = EvoArmCoCon.h; path = ../include/dynmx/EvoArmCoCon.h; sourceTree = SOURCE_ROOT; };
		D628908D13B4D16000653F04 /* SimulationFactory.cpp */ = {isa = PBXFileReference; fileEncoding = 4; lastKnownFileType = sourcecode.cpp.cpp; path = SimulationFactory.cpp; sourceTree = "<group>"; };
		D628908F13B4D18200653F04 /* SimulationFactory.h */ = {isa = PBXFileReference; fileEncoding = 4; lastKnownFileType = sourcecode.c.h; name = SimulationFactory.h; path = ../include/dynmx/SimulationFactory.h; sourceTree = SOURCE_ROOT; };
		D62AB6EF13D73336003020F7 /* MuscleMonoWrap.cpp */ = {isa = PBXFileReference; fileEncoding = 4; lastKnownFileType = sourcecode.cpp.cpp; path = MuscleMonoWrap.cpp; sourceTree = "<group>"; };
		D62AB6F113D73354003020F7 /* MuscleMonoWrap.h */ = {isa = PBXFileReference; fileEncoding = 4; lastKnownFileType = sourcecode.c.h; name = MuscleMonoWrap.h; path = ../include/dynmx/MuscleMonoWrap.h; sourceTree = SOURCE_ROOT; };
		D62AB6F313D7336A003020F7 /* MuscleBiWrap.cpp */ = {isa = PBXFileReference; fileEncoding = 4; lastKnownFileType = sourcecode.cpp.cpp; path = MuscleBiWrap.cpp; sourceTree = "<group>"; };
		D62AB6F513D73389003020F7 /* MuscleBiWrap.h */ = {isa = PBXFileReference; fileEncoding = 4; lastKnownFileType = sourcecode.c.h; name = MuscleBiWrap.h; path = ../include/dynmx/MuscleBiWrap.h; sourceTree = SOURCE_ROOT; };
		D62DE3AF14ED20F800DEEECE /* EvoArmCoConDecoder.cpp */ = {isa = PBXFileReference; fileEncoding = 4; lastKnownFileType = sourcecode.cpp.cpp; path = EvoArmCoConDecoder.cpp; sourceTree = "<group>"; };
		D6317B02143DB549008E894F /* ArmMuscledViz.h */ = {isa = PBXFileReference; fileEncoding = 4; lastKnownFileType = sourcecode.c.h; name = ArmMuscledViz.h; path = ../include/dynmx/ArmMuscledViz.h; sourceTree = SOURCE_ROOT; };
		D6317B03143DB566008E894F /* ArmMuscledViz.cpp */ = {isa = PBXFileReference; fileEncoding = 4; lastKnownFileType = sourcecode.cpp.cpp; path = ArmMuscledViz.cpp; sourceTree = "<group>"; };
		D6423689131D77520047734B /* TestViewEvolvableCTRNN.h */ = {isa = PBXFileReference; fileEncoding = 4; lastKnownFileType = sourcecode.c.h; name = TestViewEvolvableCTRNN.h; path = ../include/dynmx/Tests/TestViewEvolvableCTRNN.h; sourceTree = SOURCE_ROOT; };
		D64236DC131D7D5A0047734B /* GAViz.h */ = {isa = PBXFileReference; fileEncoding = 4; lastKnownFileType = sourcecode.c.h; name = GAViz.h; path = ../include/dynmx/GAViz.h; sourceTree = SOURCE_ROOT; };
		D64236E5131D7E5C0047734B /* GAViz.cpp */ = {isa = PBXFileReference; fileEncoding = 4; lastKnownFileType = sourcecode.cpp.cpp; path = GAViz.cpp; sourceTree = "<group>"; };
		D6464E2814276D6A00FB5992 /* Trajectory.h */ = {isa = PBXFileReference; fileEncoding = 4; lastKnownFileType = sourcecode.c.h; name = Trajectory.h; path = ../include/dynmx/Trajectory.h; sourceTree = SOURCE_ROOT; };
		D64F209312ECE1640014F069 /* Render.h */ = {isa = PBXFileReference; fileEncoding = 4; lastKnownFileType = sourcecode.c.h; name = Render.h; path = ../../include/dynmx/Render.h; sourceTree = "<group>"; };
		D64F209412ECE1640014F069 /* App.h */ = {isa = PBXFileReference; fileEncoding = 4; lastKnownFileType = sourcecode.c.h; name = App.h; path = ../../include/dynmx/App.h; sourceTree = "<group>"; };
		D64F209512ECE1640014F069 /* Arm.h */ = {isa = PBXFileReference; fileEncoding = 4; lastKnownFileType = sourcecode.c.h; name = Arm.h; path = ../../include/dynmx/Arm.h; sourceTree = "<group>"; };
		D64F209612ECE1640014F069 /* ArmViz.h */ = {isa = PBXFileReference; fileEncoding = 4; lastKnownFileType = sourcecode.c.h; name = ArmViz.h; path = ../../include/dynmx/ArmViz.h; sourceTree = "<group>"; };
		D64F209712ECE1640014F069 /* CTRNN.h */ = {isa = PBXFileReference; fileEncoding = 4; lastKnownFileType = sourcecode.c.h; name = CTRNN.h; path = ../../include/dynmx/CTRNN.h; sourceTree = "<group>"; };
		D64F209812ECE1640014F069 /* CTRNNViz.h */ = {isa = PBXFileReference; fileEncoding = 4; lastKnownFileType = sourcecode.c.h; name = CTRNNViz.h; path = ../../include/dynmx/CTRNNViz.h; sourceTree = "<group>"; };
		D64F209912ECE1640014F069 /* GA.h */ = {isa = PBXFileReference; fileEncoding = 4; lastKnownFileType = sourcecode.c.h; name = GA.h; path = ../../include/dynmx/GA.h; sourceTree = "<group>"; };
		D64F209A12ECE1640014F069 /* GARunner.h */ = {isa = PBXFileReference; fileEncoding = 4; lastKnownFileType = sourcecode.c.h; name = GARunner.h; path = ../../include/dynmx/GARunner.h; sourceTree = "<group>"; };
		D64F209B12ECE1640014F069 /* Model.h */ = {isa = PBXFileReference; fileEncoding = 4; lastKnownFileType = sourcecode.c.h; name = Model.h; path = ../../include/dynmx/Model.h; sourceTree = "<group>"; };
		D64F209C12ECE1640014F069 /* Scene.h */ = {isa = PBXFileReference; fileEncoding = 4; lastKnownFileType = sourcecode.c.h; name = Scene.h; path = ../../include/dynmx/Scene.h; sourceTree = "<group>"; };
		D64F209D12ECE1640014F069 /* View.h */ = {isa = PBXFileReference; fileEncoding = 4; lastKnownFileType = sourcecode.c.h; name = View.h; path = ../../include/dynmx/View.h; sourceTree = "<group>"; };
		D64F20A012ECE1720014F069 /* Arm.cpp */ = {isa = PBXFileReference; fileEncoding = 4; lastKnownFileType = sourcecode.cpp.cpp; path = Arm.cpp; sourceTree = "<group>"; };
		D64F20A112ECE1720014F069 /* ArmViz.cpp */ = {isa = PBXFileReference; fileEncoding = 4; lastKnownFileType = sourcecode.cpp.cpp; path = ArmViz.cpp; sourceTree = "<group>"; };
		D64F20A212ECE1720014F069 /* CTRNN.cpp */ = {isa = PBXFileReference; fileEncoding = 4; lastKnownFileType = sourcecode.cpp.cpp; path = CTRNN.cpp; sourceTree = "<group>"; };
		D64F20A312ECE1720014F069 /* CTRNNViz.cpp */ = {isa = PBXFileReference; fileEncoding = 4; lastKnownFileType = sourcecode.cpp.cpp; path = CTRNNViz.cpp; sourceTree = "<group>"; };
		D64F20A412ECE1720014F069 /* GA.cpp */ = {isa = PBXFileReference; fileEncoding = 4; lastKnownFileType = sourcecode.cpp.cpp; path = GA.cpp; sourceTree = "<group>"; };
		D64F20A512ECE1720014F069 /* GARunner.cpp */ = {isa = PBXFileReference; fileEncoding = 4; lastKnownFileType = sourcecode.cpp.cpp; path = GARunner.cpp; sourceTree = "<group>"; };
		D64F20A712ECE1720014F069 /* Scene.cpp */ = {isa = PBXFileReference; fileEncoding = 4; lastKnownFileType = sourcecode.cpp.cpp; path = Scene.cpp; sourceTree = "<group>"; };
		D64F20A812ECE1720014F069 /* View.cpp */ = {isa = PBXFileReference; fileEncoding = 4; lastKnownFileType = sourcecode.cpp.cpp; path = View.cpp; sourceTree = "<group>"; };
		D64F20C312ECE4050014F069 /* Random.cpp */ = {isa = PBXFileReference; fileEncoding = 4; lastKnownFileType = sourcecode.cpp.cpp; path = Random.cpp; sourceTree = "<group>"; };
		D64F20E112ECE4340014F069 /* Random.h */ = {isa = PBXFileReference; fileEncoding = 4; lastKnownFileType = sourcecode.c.h; name = Random.h; path = ../include/dynmx/Random.h; sourceTree = SOURCE_ROOT; };
		D64F237612EE14550014F069 /* GLUT.framework */ = {isa = PBXFileReference; lastKnownFileType = wrapper.framework; path = GLUT.framework; sourceTree = "<group>"; };
		D64F246712EE295E0014F069 /* Light.h */ = {isa = PBXFileReference; fileEncoding = 4; lastKnownFileType = sourcecode.c.h; name = Light.h; path = ../include/dynmx/Light.h; sourceTree = SOURCE_ROOT; };
		D64F246C12EE2AF10014F069 /* Light.cpp */ = {isa = PBXFileReference; fileEncoding = 4; lastKnownFileType = sourcecode.cpp.cpp; path = Light.cpp; sourceTree = "<group>"; };
		D650865E150A7CC500E8D94F /* SMCEnvironment.cpp */ = {isa = PBXFileReference; fileEncoding = 4; lastKnownFileType = sourcecode.cpp.cpp; path = SMCEnvironment.cpp; sourceTree = "<group>"; };
		D67358D7149E6C8B008C7541 /* SMCAgent.h */ = {isa = PBXFileReference; fileEncoding = 4; lastKnownFileType = sourcecode.c.h; name = SMCAgent.h; path = ../include/dynmx/SMCAgent.h; sourceTree = SOURCE_ROOT; };
		D67358D9149E6D2F008C7541 /* SMCAgent.cpp */ = {isa = PBXFileReference; fileEncoding = 4; lastKnownFileType = sourcecode.cpp.cpp; path = SMCAgent.cpp; sourceTree = "<group>"; };
		D67358F4149E73E4008C7541 /* SMCAgentViz.h */ = {isa = PBXFileReference; fileEncoding = 4; lastKnownFileType = sourcecode.c.h; name = SMCAgentViz.h; path = ../include/dynmx/SMCAgentViz.h; sourceTree = SOURCE_ROOT; };
		D67358F5149E73F7008C7541 /* SMCAgentViz.cpp */ = {isa = PBXFileReference; fileEncoding = 4; lastKnownFileType = sourcecode.cpp.cpp; path = SMCAgentViz.cpp; sourceTree = "<group>"; };
		D6735901149E751A008C7541 /* SMCEnvironment.h */ = {isa = PBXFileReference; fileEncoding = 4; lastKnownFileType = sourcecode.c.h; name = SMCEnvironment.h; path = ../include/dynmx/SMCEnvironment.h; sourceTree = SOURCE_ROOT; };
		D673591C149E790B008C7541 /* SMCEnvironmentViz.h */ = {isa = PBXFileReference; fileEncoding = 4; lastKnownFileType = sourcecode.c.h; name = SMCEnvironmentViz.h; path = ../include/dynmx/SMCEnvironmentViz.h; sourceTree = SOURCE_ROOT; };
		D673591D149E791C008C7541 /* SMCEnvironmentViz.cpp */ = {isa = PBXFileReference; fileEncoding = 4; lastKnownFileType = sourcecode.cpp.cpp; path = SMCEnvironmentViz.cpp; sourceTree = "<group>"; };
		D6735935149E7C40008C7541 /* SMCView.h */ = {isa = PBXFileReference; fileEncoding = 4; lastKnownFileType = sourcecode.c.h; name = SMCView.h; path = ../include/dynmx/SMCView.h; sourceTree = SOURCE_ROOT; };
		D675481A1342657800E2DBF0 /* TestModelArmPD.h */ = {isa = PBXFileReference; fileEncoding = 4; lastKnownFileType = sourcecode.c.h; name = TestModelArmPD.h; path = ../include/dynmx/Tests/TestModelArmPD.h; sourceTree = "<group>"; };
		D67710B9149B77EA0031DC48 /* DistanceSensor.cpp */ = {isa = PBXFileReference; fileEncoding = 4; lastKnownFileType = sourcecode.cpp.cpp; path = DistanceSensor.cpp; sourceTree = "<group>"; };
		D67710BB149B77FC0031DC48 /* DistanceSensor.h */ = {isa = PBXFileReference; fileEncoding = 4; lastKnownFileType = sourcecode.c.h; name = DistanceSensor.h; path = ../include/dynmx/DistanceSensor.h; sourceTree = SOURCE_ROOT; };
		D67710C8149B799A0031DC48 /* CollisionDetection.h */ = {isa = PBXFileReference; fileEncoding = 4; lastKnownFileType = sourcecode.c.h; name = CollisionDetection.h; path = ../include/dynmx/CollisionDetection.h; sourceTree = SOURCE_ROOT; };
		D68AC78F13E9937F009887A9 /* SimpleGUI.h */ = {isa = PBXFileReference; fileEncoding = 4; lastKnownFileType = sourcecode.c.h; path = SimpleGUI.h; sourceTree = "<group>"; };
		D68AC79113E9937F009887A9 /* pf_tempesta_seven.ttf */ = {isa = PBXFileReference; lastKnownFileType = file; path = pf_tempesta_seven.ttf; sourceTree = "<group>"; };
		D68AC7D913E9937F009887A9 /* SimpleGUI.cpp */ = {isa = PBXFileReference; fileEncoding = 4; lastKnownFileType = sourcecode.cpp.cpp; path = SimpleGUI.cpp; sourceTree = "<group>"; };
		D68CF04A14C6DF4300493D39 /* EvoArmCoCon.cpp */ = {isa = PBXFileReference; fileEncoding = 4; lastKnownFileType = sourcecode.cpp.cpp; path = EvoArmCoCon.cpp; sourceTree = "<group>"; };
		D68CFC941428DADD003CA32E /* Reflex.h */ = {isa = PBXFileReference; fileEncoding = 4; lastKnownFileType = sourcecode.c.h; name = Reflex.h; path = ../include/dynmx/Reflex.h; sourceTree = SOURCE_ROOT; };
		D68CFC951428DAEF003CA32E /* Reflex.cpp */ = {isa = PBXFileReference; fileEncoding = 4; lastKnownFileType = sourcecode.cpp.cpp; path = Reflex.cpp; sourceTree = "<group>"; };
		D692C7C8141E0FB100F0E802 /* TestModelEvolvableArm.h */ = {isa = PBXFileReference; fileEncoding = 4; lastKnownFileType = sourcecode.c.h; name = TestModelEvolvableArm.h; path = ../include/dynmx/Tests/TestModelEvolvableArm.h; sourceTree = SOURCE_ROOT; };
		D69461D213CDD7A000FA12EA /* TestAppCTRNN.h */ = {isa = PBXFileReference; fileEncoding = 4; lastKnownFileType = sourcecode.c.h; name = TestAppCTRNN.h; path = ../include/dynmx/Tests/TestAppCTRNN.h; sourceTree = SOURCE_ROOT; };
		D696B7AF14A3684C00580D3C /* SMCAgentEvo.h */ = {isa = PBXFileReference; fileEncoding = 4; lastKnownFileType = sourcecode.c.h; name = SMCAgentEvo.h; path = ../include/dynmx/SMCAgentEvo.h; sourceTree = SOURCE_ROOT; };
		D696B7B114A3685F00580D3C /* SMCAgentEvo.cpp */ = {isa = PBXFileReference; fileEncoding = 4; lastKnownFileType = sourcecode.cpp.cpp; path = SMCAgentEvo.cpp; sourceTree = "<group>"; };
		D69FBB4A13B222C300D5F6F0 /* Simulation.cpp */ = {isa = PBXFileReference; fileEncoding = 4; lastKnownFileType = sourcecode.cpp.cpp; path = Simulation.cpp; sourceTree = "<group>"; };
		D69FBB4C13B222DA00D5F6F0 /* Simulation.h */ = {isa = PBXFileReference; fileEncoding = 4; lastKnownFileType = sourcecode.c.h; name = Simulation.h; path = ../include/dynmx/Simulation.h; sourceTree = SOURCE_ROOT; };
		D6B4E81F151886D700C42D0D /* CTRNNFactory.cpp */ = {isa = PBXFileReference; fileEncoding = 4; lastKnownFileType = sourcecode.cpp.cpp; path = CTRNNFactory.cpp; sourceTree = "<group>"; };
		D6B4EAD3151B26E700C42D0D /* CTRNNFactory.h */ = {isa = PBXFileReference; fileEncoding = 4; lastKnownFileType = sourcecode.c.h; name = CTRNNFactory.h; path = ../include/dynmx/CTRNNFactory.h; sourceTree = SOURCE_ROOT; };
		D6B4EADA151B27C900C42D0D /* Topology.cpp */ = {isa = PBXFileReference; fileEncoding = 4; lastKnownFileType = sourcecode.cpp.cpp; path = Topology.cpp; sourceTree = "<group>"; };
		D6B4EADC151B27DD00C42D0D /* Topology.h */ = {isa = PBXFileReference; fileEncoding = 4; lastKnownFileType = sourcecode.c.h; name = Topology.h; path = ../include/dynmx/Topology.h; sourceTree = SOURCE_ROOT; };
		D6B6BCF6156BFD0500D5A957 /* Delay.h */ = {isa = PBXFileReference; fileEncoding = 4; lastKnownFileType = sourcecode.c.h; name = Delay.h; path = ../include/dynmx/Delay.h; sourceTree = SOURCE_ROOT; };
		D6B7EAF313B791800019114A /* Registry.cpp */ = {isa = PBXFileReference; fileEncoding = 4; lastKnownFileType = sourcecode.cpp.cpp; path = Registry.cpp; sourceTree = "<group>"; };
		D6B7EAF513B791B00019114A /* Registry.h */ = {isa = PBXFileReference; fileEncoding = 4; lastKnownFileType = sourcecode.c.h; name = Registry.h; path = ../include/dynmx/Registry.h; sourceTree = SOURCE_ROOT; };
		D6BA379A13BA249900CFED09 /* Muscle.cpp */ = {isa = PBXFileReference; fileEncoding = 4; lastKnownFileType = sourcecode.cpp.cpp; path = Muscle.cpp; sourceTree = "<group>"; };
		D6BA379C13BA24B000CFED09 /* Muscle.h */ = {isa = PBXFileReference; fileEncoding = 4; lastKnownFileType = sourcecode.c.h; name = Muscle.h; path = ../include/dynmx/Muscle.h; sourceTree = SOURCE_ROOT; };
		D6BA37D013BA2B9200CFED09 /* PD.cpp */ = {isa = PBXFileReference; fileEncoding = 4; lastKnownFileType = sourcecode.cpp.cpp; path = PD.cpp; sourceTree = "<group>"; };
		D6BA37D213BA2BAC00CFED09 /* PD.h */ = {isa = PBXFileReference; fileEncoding = 4; lastKnownFileType = sourcecode.c.h; name = PD.h; path = ../include/dynmx/PD.h; sourceTree = SOURCE_ROOT; };
		D6BA37E413BA2EC700CFED09 /* ArmPD.cpp */ = {isa = PBXFileReference; fileEncoding = 4; lastKnownFileType = sourcecode.cpp.cpp; path = ArmPD.cpp; sourceTree = "<group>"; };
		D6BA37E613BA2EF200CFED09 /* ArmPD.h */ = {isa = PBXFileReference; fileEncoding = 4; lastKnownFileType = sourcecode.c.h; name = ArmPD.h; path = ../include/dynmx/ArmPD.h; sourceTree = SOURCE_ROOT; };
		D6BA381513BA32C200CFED09 /* ArmMuscled.h */ = {isa = PBXFileReference; fileEncoding = 4; lastKnownFileType = sourcecode.c.h; name = ArmMuscled.h; path = ../include/dynmx/ArmMuscled.h; sourceTree = SOURCE_ROOT; };
		D6BA381713BA32E000CFED09 /* ArmMuscled.cpp */ = {isa = PBXFileReference; fileEncoding = 4; lastKnownFileType = sourcecode.cpp.cpp; path = ArmMuscled.cpp; sourceTree = "<group>"; };
		D6C39F9814482A5200E89616 /* ArmView.h */ = {isa = PBXFileReference; fileEncoding = 4; lastKnownFileType = sourcecode.c.h; name = ArmView.h; path = ../include/dynmx/ArmView.h; sourceTree = SOURCE_ROOT; };
		D6C3A0451448349E00E89616 /* ArmPDView.h */ = {isa = PBXFileReference; fileEncoding = 4; lastKnownFileType = sourcecode.c.h; name = ArmPDView.h; path = ../include/dynmx/ArmPDView.h; sourceTree = SOURCE_ROOT; };
		D6C3A1411448488A00E89616 /* ArmMuscledView.h */ = {isa = PBXFileReference; fileEncoding = 4; lastKnownFileType = sourcecode.c.h; name = ArmMuscledView.h; path = ../include/dynmx/ArmMuscledView.h; sourceTree = SOURCE_ROOT; };
		D6C3A1D01448500700E89616 /* ArmReflex.h */ = {isa = PBXFileReference; fileEncoding = 4; lastKnownFileType = sourcecode.c.h; name = ArmReflex.h; path = ../include/dynmx/ArmReflex.h; sourceTree = SOURCE_ROOT; };
		D6C3A1D11448501B00E89616 /* ArmReflex.cpp */ = {isa = PBXFileReference; fileEncoding = 4; lastKnownFileType = sourcecode.cpp.cpp; path = ArmReflex.cpp; sourceTree = "<group>"; };
		D6C3A2A414485FE600E89616 /* ArmReflexView.h */ = {isa = PBXFileReference; fileEncoding = 4; lastKnownFileType = sourcecode.c.h; name = ArmReflexView.h; path = ../include/dynmx/ArmReflexView.h; sourceTree = SOURCE_ROOT; };
		D6C3A384144873AC00E89616 /* ArmReflexViz.h */ = {isa = PBXFileReference; fileEncoding = 4; lastKnownFileType = sourcecode.c.h; name = ArmReflexViz.h; path = ../include/dynmx/ArmReflexViz.h; sourceTree = SOURCE_ROOT; };
		D6CAA9D412FD9D72003BE477 /* TestEvolvable.h */ = {isa = PBXFileReference; fileEncoding = 4; lastKnownFileType = sourcecode.c.h; name = TestEvolvable.h; path = ../include/dynmx/Tests/TestEvolvable.h; sourceTree = SOURCE_ROOT; };
		D6CAA9D512FD9D72003BE477 /* TestEvolvableCTRNN.h */ = {isa = PBXFileReference; fileEncoding = 4; lastKnownFileType = sourcecode.c.h; name = TestEvolvableCTRNN.h; path = ../include/dynmx/Tests/TestEvolvableCTRNN.h; sourceTree = SOURCE_ROOT; };
		D6CAA9D612FD9D72003BE477 /* TestModel.h */ = {isa = PBXFileReference; fileEncoding = 4; lastKnownFileType = sourcecode.c.h; name = TestModel.h; path = ../include/dynmx/Tests/TestModel.h; sourceTree = SOURCE_ROOT; };
		D6CAA9D712FD9D72003BE477 /* TestModelCTRNN.h */ = {isa = PBXFileReference; fileEncoding = 4; lastKnownFileType = sourcecode.c.h; name = TestModelCTRNN.h; path = ../include/dynmx/Tests/TestModelCTRNN.h; sourceTree = SOURCE_ROOT; };
		D6CAA9D912FD9D72003BE477 /* TestView.h */ = {isa = PBXFileReference; fileEncoding = 4; lastKnownFileType = sourcecode.c.h; name = TestView.h; path = ../include/dynmx/Tests/TestView.h; sourceTree = SOURCE_ROOT; };
		D6CAA9DA12FD9D72003BE477 /* TestViewCTRNN.h */ = {isa = PBXFileReference; fileEncoding = 4; lastKnownFileType = sourcecode.c.h; name = TestViewCTRNN.h; path = ../include/dynmx/Tests/TestViewCTRNN.h; sourceTree = SOURCE_ROOT; };
		D6CAA9FE12FDA1CF003BE477 /* main.cpp */ = {isa = PBXFileReference; fileEncoding = 4; lastKnownFileType = sourcecode.cpp.cpp; name = main.cpp; path = ../src/main.cpp; sourceTree = SOURCE_ROOT; };
		D6D2122F150E3CEC0054A059 /* SMCAgentLineDis.h */ = {isa = PBXFileReference; fileEncoding = 4; lastKnownFileType = sourcecode.c.h; name = SMCAgentLineDis.h; path = ../include/dynmx/SMCAgentLineDis.h; sourceTree = SOURCE_ROOT; };
		D6D7FB9B14DED8BB005FC21D /* Spin.h */ = {isa = PBXFileReference; fileEncoding = 4; lastKnownFileType = sourcecode.c.h; name = Spin.h; path = ../include/dynmx/Spin.h; sourceTree = SOURCE_ROOT; };
		D6D7FB9C14DED8C9005FC21D /* Spin.cpp */ = {isa = PBXFileReference; fileEncoding = 4; lastKnownFileType = sourcecode.cpp.cpp; path = Spin.cpp; sourceTree = "<group>"; };
		D6D8EC8D13AA647200160C37 /* Dynmx.h */ = {isa = PBXFileReference; fileEncoding = 4; lastKnownFileType = sourcecode.c.h; name = Dynmx.h; path = ../../include/dynmx/Dynmx.h; sourceTree = "<group>"; };
		D6D8EC8E13AA647200160C37 /* MathUtils.h */ = {isa = PBXFileReference; fileEncoding = 4; lastKnownFileType = sourcecode.c.h; name = MathUtils.h; path = ../../include/dynmx/MathUtils.h; sourceTree = "<group>"; };
		D6DEE86913B0EF09003FE7D2 /* App.cpp */ = {isa = PBXFileReference; fileEncoding = 4; lastKnownFileType = sourcecode.cpp.cpp; path = App.cpp; sourceTree = "<group>"; };
		D6E94EB31423650800E8D8BD /* GATester.h */ = {isa = PBXFileReference; fileEncoding = 4; lastKnownFileType = sourcecode.c.h; name = GATester.h; path = ../include/dynmx/GATester.h; sourceTree = SOURCE_ROOT; };
		D6E94EB41423652300E8D8BD /* GATester.cpp */ = {isa = PBXFileReference; fileEncoding = 4; lastKnownFileType = sourcecode.cpp.cpp; path = GATester.cpp; sourceTree = "<group>"; };
		D6F6B6DD13ABDD09005C2E0F /* Dynmx.cpp */ = {isa = PBXFileReference; fileEncoding = 4; lastKnownFileType = sourcecode.cpp.cpp; path = Dynmx.cpp; sourceTree = "<group>"; };
/* End PBXFileReference section */

/* Begin PBXFrameworksBuildPhase section */
		8D11072E0486CEB800E47090 /* Frameworks */ = {
			isa = PBXFrameworksBuildPhase;
			buildActionMask = 2147483647;
			files = (
				8D11072F0486CEB800E47090 /* Cocoa.framework in Frameworks */,
				0091D8F90E81B9330029341E /* OpenGL.framework in Frameworks */,
				53E3CDFC0E86099300238D2B /* Carbon.framework in Frameworks */,
				5323E6B20EAFCA74003A9687 /* CoreVideo.framework in Frameworks */,
				5323E6B60EAFCA7E003A9687 /* QTKit.framework in Frameworks */,
				0097E3E50F3E9819005A4392 /* QuickTime.framework in Frameworks */,
				00B784B30FF439BC000DE1D7 /* Accelerate.framework in Frameworks */,
				00B784B40FF439BC000DE1D7 /* AudioToolbox.framework in Frameworks */,
				00B784B50FF439BC000DE1D7 /* AudioUnit.framework in Frameworks */,
				00B784B60FF439BC000DE1D7 /* CoreAudio.framework in Frameworks */,
				D64F237712EE14550014F069 /* GLUT.framework in Frameworks */,
			);
			runOnlyForDeploymentPostprocessing = 0;
		};
/* End PBXFrameworksBuildPhase section */

/* Begin PBXGroup section */
		1058C7A0FEA54F0111CA2CBB /* Linked Frameworks */ = {
			isa = PBXGroup;
			children = (
				00B784AF0FF439BC000DE1D7 /* Accelerate.framework */,
				00B784B00FF439BC000DE1D7 /* AudioToolbox.framework */,
				00B784B10FF439BC000DE1D7 /* AudioUnit.framework */,
				00B784B20FF439BC000DE1D7 /* CoreAudio.framework */,
				0097E3E40F3E9819005A4392 /* QuickTime.framework */,
				5323E6B50EAFCA7E003A9687 /* QTKit.framework */,
				5323E6B10EAFCA74003A9687 /* CoreVideo.framework */,
				53E3CDFB0E86099300238D2B /* Carbon.framework */,
				0091D8F80E81B9330029341E /* OpenGL.framework */,
				1058C7A1FEA54F0111CA2CBB /* Cocoa.framework */,
			);
			name = "Linked Frameworks";
			sourceTree = "<group>";
		};
		1058C7A2FEA54F0111CA2CBB /* Other Frameworks */ = {
			isa = PBXGroup;
			children = (
				D64F237112EE14550014F069 /* glut */,
				29B97324FDCFA39411CA2CEA /* AppKit.framework */,
				13E42FB307B3F0F600E4EEF1 /* CoreData.framework */,
				29B97325FDCFA39411CA2CEA /* Foundation.framework */,
			);
			name = "Other Frameworks";
			sourceTree = "<group>";
		};
		19C28FACFE9D520D11CA2CBB /* Products */ = {
			isa = PBXGroup;
			children = (
				8D1107320486CEB800E47090 /* cinder_dynmx.app */,
			);
			name = Products;
			sourceTree = "<group>";
		};
		29B97314FDCFA39411CA2CEA /* cinder_dynmx */ = {
			isa = PBXGroup;
			children = (
				D68AC78D13E9937F009887A9 /* SimpleGUI */,
				D6CAA9D312FD9D5A003BE477 /* tests */,
				D64F209E12ECE1720014F069 /* dynmx */,
				D6AE244B12F0D87C0082EAC0 /* src */,
				29B97317FDCFA39411CA2CEA /* Resources */,
				29B97323FDCFA39411CA2CEA /* Frameworks */,
				19C28FACFE9D520D11CA2CBB /* Products */,
			);
			name = cinder_dynmx;
			sourceTree = "<group>";
		};
		29B97317FDCFA39411CA2CEA /* Resources */ = {
			isa = PBXGroup;
			children = (
				8D1107310486CEB800E47090 /* Info.plist */,
				00CCAF14116A9FEE008396D5 /* CinderApp.icns */,
			);
			name = Resources;
			sourceTree = "<group>";
		};
		29B97323FDCFA39411CA2CEA /* Frameworks */ = {
			isa = PBXGroup;
			children = (
				1058C7A0FEA54F0111CA2CBB /* Linked Frameworks */,
				1058C7A2FEA54F0111CA2CBB /* Other Frameworks */,
			);
			name = Frameworks;
			sourceTree = "<group>";
		};
		D64F209E12ECE1720014F069 /* dynmx */ = {
			isa = PBXGroup;
			children = (
				D6B4EAD9151B27AB00C42D0D /* CTRNN */,
				D6B4EAD8151B279A00C42D0D /* GA */,
				D6D7FB9A14DED840005FC21D /* Spin */,
				D67710B8149B77850031DC48 /* SMC */,
				D6BA37DF13BA2DAE00CFED09 /* Arm */,
				D6D8EC8D13AA647200160C37 /* Dynmx.h */,
				D6F6B6DD13ABDD09005C2E0F /* Dynmx.cpp */,
				D6D8EC8E13AA647200160C37 /* MathUtils.h */,
				D64F209B12ECE1640014F069 /* Model.h */,
				D64F209D12ECE1640014F069 /* View.h */,
				D64F20A812ECE1720014F069 /* View.cpp */,
				D64F209412ECE1640014F069 /* App.h */,
				D6DEE86913B0EF09003FE7D2 /* App.cpp */,
				D69FBB4C13B222DA00D5F6F0 /* Simulation.h */,
				D69FBB4A13B222C300D5F6F0 /* Simulation.cpp */,
				D628908F13B4D18200653F04 /* SimulationFactory.h */,
				D628908D13B4D16000653F04 /* SimulationFactory.cpp */,
				D6108AD213D047F800680AD5 /* Recorder.h */,
				D6108AD313D0481000680AD5 /* Recorder.cpp */,
				D6B7EAF513B791B00019114A /* Registry.h */,
				D6B7EAF313B791800019114A /* Registry.cpp */,
				D64F246712EE295E0014F069 /* Light.h */,
				D64F246C12EE2AF10014F069 /* Light.cpp */,
				D607B1F714F7958F00D9D4C1 /* Log.h */,
				D64F209C12ECE1640014F069 /* Scene.h */,
				D64F20A712ECE1720014F069 /* Scene.cpp */,
				D64F209312ECE1640014F069 /* Render.h */,
				D64F20E112ECE4340014F069 /* Random.h */,
				D64F20C312ECE4050014F069 /* Random.cpp */,
			);
			name = dynmx;
			path = ../src/dynmx;
			sourceTree = SOURCE_ROOT;
		};
		D64F237112EE14550014F069 /* glut */ = {
			isa = PBXGroup;
			children = (
				D64F237412EE14550014F069 /* lib */,
			);
			name = glut;
			path = ../glut;
			sourceTree = SOURCE_ROOT;
		};
		D64F237412EE14550014F069 /* lib */ = {
			isa = PBXGroup;
			children = (
				D64F237512EE14550014F069 /* osx */,
			);
			path = lib;
			sourceTree = "<group>";
		};
		D64F237512EE14550014F069 /* osx */ = {
			isa = PBXGroup;
			children = (
				D64F237612EE14550014F069 /* GLUT.framework */,
			);
			path = osx;
			sourceTree = "<group>";
		};
		D67710B8149B77850031DC48 /* SMC */ = {
			isa = PBXGroup;
			children = (
				D67710BB149B77FC0031DC48 /* DistanceSensor.h */,
				D67710B9149B77EA0031DC48 /* DistanceSensor.cpp */,
				D67710C8149B799A0031DC48 /* CollisionDetection.h */,
				D67358D7149E6C8B008C7541 /* SMCAgent.h */,
				D67358D9149E6D2F008C7541 /* SMCAgent.cpp */,
				D696B7AF14A3684C00580D3C /* SMCAgentEvo.h */,
				D696B7B114A3685F00580D3C /* SMCAgentEvo.cpp */,
				D6D2122F150E3CEC0054A059 /* SMCAgentLineDis.h */,
				D67358F4149E73E4008C7541 /* SMCAgentViz.h */,
				D67358F5149E73F7008C7541 /* SMCAgentViz.cpp */,
				D6735901149E751A008C7541 /* SMCEnvironment.h */,
				D650865E150A7CC500E8D94F /* SMCEnvironment.cpp */,
				D673591C149E790B008C7541 /* SMCEnvironmentViz.h */,
				D673591D149E791C008C7541 /* SMCEnvironmentViz.cpp */,
				D6735935149E7C40008C7541 /* SMCView.h */,
			);
			name = SMC;
			sourceTree = "<group>";
		};
		D68AC78D13E9937F009887A9 /* SimpleGUI */ = {
			isa = PBXGroup;
			children = (
				D68AC78E13E9937F009887A9 /* include */,
				D68AC79013E9937F009887A9 /* resources */,
				D68AC7D813E9937F009887A9 /* src */,
			);
			name = SimpleGUI;
			path = ../../Cinder/blocks/SimpleGUI;
			sourceTree = SOURCE_ROOT;
		};
		D68AC78E13E9937F009887A9 /* include */ = {
			isa = PBXGroup;
			children = (
				D68AC78F13E9937F009887A9 /* SimpleGUI.h */,
			);
			path = include;
			sourceTree = "<group>";
		};
		D68AC79013E9937F009887A9 /* resources */ = {
			isa = PBXGroup;
			children = (
				D68AC79113E9937F009887A9 /* pf_tempesta_seven.ttf */,
			);
			path = resources;
			sourceTree = "<group>";
		};
		D68AC7D813E9937F009887A9 /* src */ = {
			isa = PBXGroup;
			children = (
				D68AC7D913E9937F009887A9 /* SimpleGUI.cpp */,
			);
			path = src;
			sourceTree = "<group>";
		};
		D68C028B142CAF53003CA32E /* Evolvables */ = {
			isa = PBXGroup;
			children = (
				D61BAD9B143A05960007E5A1 /* EvoArmCoCon.h */,
				D68CF04A14C6DF4300493D39 /* EvoArmCoCon.cpp */,
				D62DE3AF14ED20F800DEEECE /* EvoArmCoConDecoder.cpp */,
			);
			name = Evolvables;
			sourceTree = "<group>";
		};
		D6AE244B12F0D87C0082EAC0 /* src */ = {
			isa = PBXGroup;
			children = (
				32CA4F630368D1EE00C91783 /* cinder_dynmx_Prefix.pch */,
				D6CAA9FE12FDA1CF003BE477 /* main.cpp */,
			);
			name = src;
			sourceTree = "<group>";
		};
		D6B4EAD8151B279A00C42D0D /* GA */ = {
			isa = PBXGroup;
			children = (
				D64F209912ECE1640014F069 /* GA.h */,
				D64F20A412ECE1720014F069 /* GA.cpp */,
				D64F209A12ECE1640014F069 /* GARunner.h */,
				D64F20A512ECE1720014F069 /* GARunner.cpp */,
				D6E94EB31423650800E8D8BD /* GATester.h */,
				D6E94EB41423652300E8D8BD /* GATester.cpp */,
				D64236DC131D7D5A0047734B /* GAViz.h */,
				D64236E5131D7E5C0047734B /* GAViz.cpp */,
			);
			name = GA;
			sourceTree = "<group>";
		};
		D6B4EAD9151B27AB00C42D0D /* CTRNN */ = {
			isa = PBXGroup;
			children = (
				D64F209712ECE1640014F069 /* CTRNN.h */,
				D64F20A212ECE1720014F069 /* CTRNN.cpp */,
				D6B4EAD3151B26E700C42D0D /* CTRNNFactory.h */,
				D6B4E81F151886D700C42D0D /* CTRNNFactory.cpp */,
				D64F209812ECE1640014F069 /* CTRNNViz.h */,
				D64F20A312ECE1720014F069 /* CTRNNViz.cpp */,
				D6B4EADC151B27DD00C42D0D /* Topology.h */,
				D6B4EADA151B27C900C42D0D /* Topology.cpp */,
			);
			name = CTRNN;
			sourceTree = "<group>";
		};
		D6BA37DF13BA2DAE00CFED09 /* Arm */ = {
			isa = PBXGroup;
			children = (
				D68C028B142CAF53003CA32E /* Evolvables */,
				D6C39F9714482A1100E89616 /* Views */,
				D6BA37D213BA2BAC00CFED09 /* PD.h */,
				D6BA37D013BA2B9200CFED09 /* PD.cpp */,
				D64F209512ECE1640014F069 /* Arm.h */,
				D64F20A012ECE1720014F069 /* Arm.cpp */,
				D6BA37E613BA2EF200CFED09 /* ArmPD.h */,
				D6BA37E413BA2EC700CFED09 /* ArmPD.cpp */,
				D6BA381513BA32C200CFED09 /* ArmMuscled.h */,
				D6BA381713BA32E000CFED09 /* ArmMuscled.cpp */,
				D6C3A1D01448500700E89616 /* ArmReflex.h */,
				D6C3A1D11448501B00E89616 /* ArmReflex.cpp */,
				D6B6BCF6156BFD0500D5A957 /* Delay.h */,
				D6BA379C13BA24B000CFED09 /* Muscle.h */,
				D6BA379A13BA249900CFED09 /* Muscle.cpp */,
				D62AB6F113D73354003020F7 /* MuscleMonoWrap.h */,
				D62AB6EF13D73336003020F7 /* MuscleMonoWrap.cpp */,
				D62AB6F513D73389003020F7 /* MuscleBiWrap.h */,
				D62AB6F313D7336A003020F7 /* MuscleBiWrap.cpp */,
				D60CB06A13E8362F00AAF10C /* EPController.h */,
				D60CB06813E8361A00AAF10C /* EPController.cpp */,
				D68CFC941428DADD003CA32E /* Reflex.h */,
				D68CFC951428DAEF003CA32E /* Reflex.cpp */,
				D6464E2814276D6A00FB5992 /* Trajectory.h */,
			);
			name = Arm;
			sourceTree = "<group>";
		};
		D6C39F9714482A1100E89616 /* Views */ = {
			isa = PBXGroup;
			children = (
				D64F209612ECE1640014F069 /* ArmViz.h */,
				D64F20A112ECE1720014F069 /* ArmViz.cpp */,
				D6317B02143DB549008E894F /* ArmMuscledViz.h */,
				D6317B03143DB566008E894F /* ArmMuscledViz.cpp */,
				D6C3A384144873AC00E89616 /* ArmReflexViz.h */,
				D6C39F9814482A5200E89616 /* ArmView.h */,
				D6C3A0451448349E00E89616 /* ArmPDView.h */,
				D6C3A1411448488A00E89616 /* ArmMuscledView.h */,
				D6C3A2A414485FE600E89616 /* ArmReflexView.h */,
			);
			name = Views;
			sourceTree = "<group>";
		};
		D6CAA9D312FD9D5A003BE477 /* tests */ = {
			isa = PBXGroup;
			children = (
				D6CAA9D612FD9D72003BE477 /* TestModel.h */,
				D6CAA9D912FD9D72003BE477 /* TestView.h */,
				D69461D213CDD7A000FA12EA /* TestAppCTRNN.h */,
				D6CAA9D712FD9D72003BE477 /* TestModelCTRNN.h */,
				D6CAA9DA12FD9D72003BE477 /* TestViewCTRNN.h */,
				D6CAA9D512FD9D72003BE477 /* TestEvolvableCTRNN.h */,
				D6423689131D77520047734B /* TestViewEvolvableCTRNN.h */,
				D6CAA9D412FD9D72003BE477 /* TestEvolvable.h */,
				D675481A1342657800E2DBF0 /* TestModelArmPD.h */,
				D602B8A91448C92400620B97 /* TestModelArmReflex.h */,
				D692C7C8141E0FB100F0E802 /* TestModelEvolvableArm.h */,
			);
			name = tests;
			sourceTree = "<group>";
		};
		D6D7FB9A14DED840005FC21D /* Spin */ = {
			isa = PBXGroup;
			children = (
				D6D7FB9B14DED8BB005FC21D /* Spin.h */,
				D6D7FB9C14DED8C9005FC21D /* Spin.cpp */,
			);
			name = Spin;
			sourceTree = "<group>";
		};
/* End PBXGroup section */

/* Begin PBXNativeTarget section */
		8D1107260486CEB800E47090 /* cinder_dynmx */ = {
			isa = PBXNativeTarget;
			buildConfigurationList = C01FCF4A08A954540054247B /* Build configuration list for PBXNativeTarget "cinder_dynmx" */;
			buildPhases = (
				8D1107290486CEB800E47090 /* Resources */,
				8D11072C0486CEB800E47090 /* Sources */,
				8D11072E0486CEB800E47090 /* Frameworks */,
			);
			buildRules = (
			);
			dependencies = (
			);
			name = cinder_dynmx;
			productInstallPath = "$(HOME)/Applications";
			productName = cinder_dynmx;
			productReference = 8D1107320486CEB800E47090 /* cinder_dynmx.app */;
			productType = "com.apple.product-type.application";
		};
/* End PBXNativeTarget section */

/* Begin PBXProject section */
		29B97313FDCFA39411CA2CEA /* Project object */ = {
			isa = PBXProject;
			buildConfigurationList = C01FCF4E08A954540054247B /* Build configuration list for PBXProject "cinder_dynmx" */;
			compatibilityVersion = "Xcode 3.2";
			developmentRegion = English;
			hasScannedForEncodings = 1;
			knownRegions = (
				English,
				Japanese,
				French,
				German,
			);
			mainGroup = 29B97314FDCFA39411CA2CEA /* cinder_dynmx */;
			projectDirPath = "";
			projectRoot = "";
			targets = (
				8D1107260486CEB800E47090 /* cinder_dynmx */,
			);
		};
/* End PBXProject section */

/* Begin PBXResourcesBuildPhase section */
		8D1107290486CEB800E47090 /* Resources */ = {
			isa = PBXResourcesBuildPhase;
			buildActionMask = 2147483647;
			files = (
				00CCAF15116A9FEE008396D5 /* CinderApp.icns in Resources */,
				D68AC7DA13E9937F009887A9 /* pf_tempesta_seven.ttf in Resources */,
			);
			runOnlyForDeploymentPostprocessing = 0;
		};
/* End PBXResourcesBuildPhase section */

/* Begin PBXSourcesBuildPhase section */
		8D11072C0486CEB800E47090 /* Sources */ = {
			isa = PBXSourcesBuildPhase;
			buildActionMask = 2147483647;
			files = (
				D64F20AA12ECE1720014F069 /* Arm.cpp in Sources */,
				D64F20AB12ECE1720014F069 /* ArmViz.cpp in Sources */,
				D64F20AC12ECE1720014F069 /* CTRNN.cpp in Sources */,
				D64F20AD12ECE1720014F069 /* CTRNNViz.cpp in Sources */,
				D64F20AE12ECE1720014F069 /* GA.cpp in Sources */,
				D64F20AF12ECE1720014F069 /* GARunner.cpp in Sources */,
				D64F20B112ECE1720014F069 /* Scene.cpp in Sources */,
				D64F20B212ECE1720014F069 /* View.cpp in Sources */,
				D64F20C412ECE4050014F069 /* Random.cpp in Sources */,
				D64F246D12EE2AF10014F069 /* Light.cpp in Sources */,
				D6CAA9FF12FDA1CF003BE477 /* main.cpp in Sources */,
				D64236E6131D7E5C0047734B /* GAViz.cpp in Sources */,
				D6F6B6DF13ABDD09005C2E0F /* Dynmx.cpp in Sources */,
				D6DEE86A13B0EF09003FE7D2 /* App.cpp in Sources */,
				D69FBB4B13B222C300D5F6F0 /* Simulation.cpp in Sources */,
				D628908E13B4D16000653F04 /* SimulationFactory.cpp in Sources */,
				D6B7EAF413B791800019114A /* Registry.cpp in Sources */,
				D6BA379B13BA249900CFED09 /* Muscle.cpp in Sources */,
				D6BA37D113BA2B9200CFED09 /* PD.cpp in Sources */,
				D6BA37E513BA2EC700CFED09 /* ArmPD.cpp in Sources */,
				D6BA381813BA32E000CFED09 /* ArmMuscled.cpp in Sources */,
				D6108AD413D0481000680AD5 /* Recorder.cpp in Sources */,
				D62AB6F013D73336003020F7 /* MuscleMonoWrap.cpp in Sources */,
				D62AB6F413D7336A003020F7 /* MuscleBiWrap.cpp in Sources */,
				D60CB06913E8361A00AAF10C /* EPController.cpp in Sources */,
				D68AC7FD13E9937F009887A9 /* SimpleGUI.cpp in Sources */,
				D6E94EB51423652300E8D8BD /* GATester.cpp in Sources */,
				D68CFC961428DAEF003CA32E /* Reflex.cpp in Sources */,
				D6317B04143DB566008E894F /* ArmMuscledViz.cpp in Sources */,
				D6C3A1D21448501B00E89616 /* ArmReflex.cpp in Sources */,
				D67710BA149B77EA0031DC48 /* DistanceSensor.cpp in Sources */,
				D67358DA149E6D2F008C7541 /* SMCAgent.cpp in Sources */,
				D67358F6149E73F7008C7541 /* SMCAgentViz.cpp in Sources */,
				D673591E149E791C008C7541 /* SMCEnvironmentViz.cpp in Sources */,
				D696B7B214A3685F00580D3C /* SMCAgentEvo.cpp in Sources */,
				D68CF04B14C6DF4300493D39 /* EvoArmCoCon.cpp in Sources */,
				D6D7FB9D14DED8C9005FC21D /* Spin.cpp in Sources */,
				D62DE3B014ED20F800DEEECE /* EvoArmCoConDecoder.cpp in Sources */,
				D650865F150A7CC500E8D94F /* SMCEnvironment.cpp in Sources */,
				D6B4E820151886D700C42D0D /* CTRNNFactory.cpp in Sources */,
				D6B4EADB151B27C900C42D0D /* Topology.cpp in Sources */,
			);
			runOnlyForDeploymentPostprocessing = 0;
		};
/* End PBXSourcesBuildPhase section */

/* Begin XCBuildConfiguration section */
		C01FCF4B08A954540054247B /* Debug */ = {
			isa = XCBuildConfiguration;
			buildSettings = {
				COPY_PHASE_STRIP = NO;
				FRAMEWORK_SEARCH_PATHS = (
					"$(inherited)",
					"\"$(SRCROOT)/../glut/lib/osx\"",
				);
				GCC_DYNAMIC_NO_PIC = NO;
				GCC_ENABLE_FIX_AND_CONTINUE = YES;
				GCC_INLINES_ARE_PRIVATE_EXTERN = YES;
				GCC_MODEL_TUNING = G5;
				GCC_OPTIMIZATION_LEVEL = 0;
				GCC_PRECOMPILE_PREFIX_HEADER = YES;
				GCC_PREFIX_HEADER = cinder_dynmx_Prefix.pch;
				GCC_SYMBOLS_PRIVATE_EXTERN = NO;
				INFOPLIST_FILE = Info.plist;
				INSTALL_PATH = "$(HOME)/Applications";
				OTHER_LDFLAGS = "\"$(CINDER_PATH)/lib/libcinder_d.a\"";
				PRODUCT_NAME = cinder_dynmx;
				WRAPPER_EXTENSION = app;
			};
			name = Debug;
		};
		C01FCF4C08A954540054247B /* Release */ = {
			isa = XCBuildConfiguration;
			buildSettings = {
				DEAD_CODE_STRIPPING = YES;
				DEBUG_INFORMATION_FORMAT = "dwarf-with-dsym";
				FRAMEWORK_SEARCH_PATHS = (
					"$(inherited)",
					"\"$(SRCROOT)/../glut/lib/osx\"",
				);
				GCC_FAST_MATH = YES;
				GCC_GENERATE_DEBUGGING_SYMBOLS = NO;
				GCC_INLINES_ARE_PRIVATE_EXTERN = YES;
				GCC_MODEL_TUNING = G5;
				GCC_OPTIMIZATION_LEVEL = 3;
				GCC_PRECOMPILE_PREFIX_HEADER = YES;
				GCC_PREFIX_HEADER = cinder_dynmx_Prefix.pch;
				GCC_SYMBOLS_PRIVATE_EXTERN = NO;
				INFOPLIST_FILE = Info.plist;
				INSTALL_PATH = "$(HOME)/Applications";
				OTHER_LDFLAGS = "\"$(CINDER_PATH)/lib/libcinder.a\"";
				PRODUCT_NAME = cinder_dynmx;
				STRIP_INSTALLED_PRODUCT = YES;
				WRAPPER_EXTENSION = app;
			};
			name = Release;
		};
		C01FCF4F08A954540054247B /* Debug */ = {
			isa = XCBuildConfiguration;
			buildSettings = {
				ALWAYS_SEARCH_USER_PATHS = NO;
				ARCHS = i386;
				CINDER_PATH = ../../cinder;
				GCC_VERSION = com.apple.compilers.llvmgcc42;
				GCC_WARN_ABOUT_RETURN_TYPE = YES;
				GCC_WARN_UNUSED_VARIABLE = YES;
				HEADER_SEARCH_PATHS = "\"$(CINDER_PATH)/boost\"";
				MACOSX_DEPLOYMENT_TARGET = 10.6;
				PREBINDING = NO;
				SDKROOT = macosx10.6;
				USER_HEADER_SEARCH_PATHS = "\"$(CINDER_PATH)/include\" ../include ../include/dynmx";
			};
			name = Debug;
		};
		C01FCF5008A954540054247B /* Release */ = {
			isa = XCBuildConfiguration;
			buildSettings = {
				ALWAYS_SEARCH_USER_PATHS = NO;
				ARCHS = i386;
				CINDER_PATH = ../../cinder;
				GCC_AUTO_VECTORIZATION = YES;
				GCC_ENABLE_CPP_EXCEPTIONS = YES;
				GCC_ENABLE_CPP_RTTI = YES;
				GCC_ENABLE_OBJC_EXCEPTIONS = NO;
				GCC_GENERATE_DEBUGGING_SYMBOLS = NO;
				GCC_INLINES_ARE_PRIVATE_EXTERN = NO;
				GCC_MODEL_TUNING = "";
				GCC_OPTIMIZATION_LEVEL = 3;
				GCC_SYMBOLS_PRIVATE_EXTERN = YES;
				GCC_UNROLL_LOOPS = YES;
				GCC_VERSION = com.apple.compilers.llvmgcc42;
				GCC_WARN_ABOUT_RETURN_TYPE = YES;
				GCC_WARN_HIDDEN_VIRTUAL_FUNCTIONS = YES;
				GCC_WARN_NON_VIRTUAL_DESTRUCTOR = YES;
				GCC_WARN_UNUSED_VARIABLE = YES;
				HEADER_SEARCH_PATHS = "\"$(CINDER_PATH)/boost\"";
				LLVM_LTO = NO;
				MACOSX_DEPLOYMENT_TARGET = 10.6;
				PREBINDING = NO;
				RUN_CLANG_STATIC_ANALYZER = NO;
				SDKROOT = macosx10.6;
				USER_HEADER_SEARCH_PATHS = "\"$(CINDER_PATH)/include\" ../include ../include/dynmx";
			};
			name = Release;
		};
/* End XCBuildConfiguration section */

/* Begin XCConfigurationList section */
		C01FCF4A08A954540054247B /* Build configuration list for PBXNativeTarget "cinder_dynmx" */ = {
			isa = XCConfigurationList;
			buildConfigurations = (
				C01FCF4B08A954540054247B /* Debug */,
				C01FCF4C08A954540054247B /* Release */,
			);
			defaultConfigurationIsVisible = 0;
			defaultConfigurationName = Release;
		};
		C01FCF4E08A954540054247B /* Build configuration list for PBXProject "cinder_dynmx" */ = {
			isa = XCConfigurationList;
			buildConfigurations = (
				C01FCF4F08A954540054247B /* Debug */,
				C01FCF5008A954540054247B /* Release */,
			);
			defaultConfigurationIsVisible = 0;
			defaultConfigurationName = Release;
		};
/* End XCConfigurationList section */
	};
	rootObject = 29B97313FDCFA39411CA2CEA /* Project object */;
}
